
Microsoft Visual Studio Solution File, Format Version 12.00
# Visual Studio Version 17
VisualStudioVersion = 17.4.33213.308
MinimumVisualStudioVersion = 10.0.40219.1
Project("{FAE04EC0-301F-11D3-BF4B-00C04F79EFBC}") = "PatternsWorkShop", "PatternsWorkShop\PatternsWorkShop.csproj", "{B7027DA9-F5A7-4899-81C9-8D355D26491D}"
EndProject
Project("{E53339B2-1760-4266-BCC7-CA923CBCF16C}") = "docker-compose", "docker-compose.dcproj", "{52FBB8C2-353E-4727-86C2-621497C733C9}"
EndProject
Global
	GlobalSection(SolutionConfigurationPlatforms) = preSolution
		Debug|Any CPU = Debug|Any CPU
		Release|Any CPU = Release|Any CPU
	EndGlobalSection
	GlobalSection(ProjectConfigurationPlatforms) = postSolution
		{B7027DA9-F5A7-4899-81C9-8D355D26491D}.Debug|Any CPU.ActiveCfg = Debug|Any CPU
		{B7027DA9-F5A7-4899-81C9-8D355D26491D}.Debug|Any CPU.Build.0 = Debug|Any CPU
		{B7027DA9-F5A7-4899-81C9-8D355D26491D}.Release|Any CPU.ActiveCfg = Release|Any CPU
		{B7027DA9-F5A7-4899-81C9-8D355D26491D}.Release|Any CPU.Build.0 = Release|Any CPU
		{52FBB8C2-353E-4727-86C2-621497C733C9}.Debug|Any CPU.ActiveCfg = Debug|Any CPU
		{52FBB8C2-353E-4727-86C2-621497C733C9}.Debug|Any CPU.Build.0 = Debug|Any CPU
		{52FBB8C2-353E-4727-86C2-621497C733C9}.Release|Any CPU.ActiveCfg = Release|Any CPU
		{52FBB8C2-353E-4727-86C2-621497C733C9}.Release|Any CPU.Build.0 = Release|Any CPU
	EndGlobalSection
	GlobalSection(SolutionProperties) = preSolution
		HideSolutionNode = FALSE
	EndGlobalSection
	GlobalSection(ExtensibilityGlobals) = postSolution
		SolutionGuid = {6D048F7A-5620-4826-AFDC-4852859EBEB2}
	EndGlobalSection
EndGlobal
